
Microsoft Visual Studio Solution File, Format Version 12.00
# Visual Studio Version 16
VisualStudioVersion = 16.0.31624.102
MinimumVisualStudioVersion = 10.0.40219.1
Project("{FAE04EC0-301F-11D3-BF4B-00C04F79EFBC}") = "PhoneBook_generic", "PhoneBook_generic\PhoneBook_generic.csproj", "{EC051AD2-151C-45A6-AA24-E65EF4EDA278}"
EndProject
Global
	GlobalSection(SolutionConfigurationPlatforms) = preSolution
		Debug|Any CPU = Debug|Any CPU
		Release|Any CPU = Release|Any CPU
	EndGlobalSection
	GlobalSection(ProjectConfigurationPlatforms) = postSolution
		{EC051AD2-151C-45A6-AA24-E65EF4EDA278}.Debug|Any CPU.ActiveCfg = Debug|Any CPU
		{EC051AD2-151C-45A6-AA24-E65EF4EDA278}.Debug|Any CPU.Build.0 = Debug|Any CPU
		{EC051AD2-151C-45A6-AA24-E65EF4EDA278}.Release|Any CPU.ActiveCfg = Release|Any CPU
		{EC051AD2-151C-45A6-AA24-E65EF4EDA278}.Release|Any CPU.Build.0 = Release|Any CPU
	EndGlobalSection
	GlobalSection(SolutionProperties) = preSolution
		HideSolutionNode = FALSE
	EndGlobalSection
	GlobalSection(ExtensibilityGlobals) = postSolution
		SolutionGuid = {794B7501-967F-478A-B278-288AB831ECC5}
	EndGlobalSection
EndGlobal
